# THIS IS AN AUTOGENERATED FILE. DO NOT EDIT THIS FILE DIRECTLY.
# yarn lockfile v1


"@types/google-protobuf@3.2.5":
  version "3.2.5"
  resolved "https://registry.yarnpkg.com/@types/google-protobuf/-/google-protobuf-3.2.5.tgz#321dafe3b0461c31363b8fb9f535c30a5f842eb6"

browser-headers@^0.2.1:
  version "0.2.1"
  resolved "https://registry.yarnpkg.com/browser-headers/-/browser-headers-0.2.1.tgz#35cb1caa56e758946fb4ddd80344b9dba48d0924"

google-protobuf@3.3.0, google-protobuf@^3.2.0:
  version "3.3.0"
  resolved "https://registry.yarnpkg.com/google-protobuf/-/google-protobuf-3.3.0.tgz#21c15ec2fbd57c236eb684d2e18bcaeca9759b77"

grpc-web-client@0.2.1:
  version "0.2.1"
  resolved "https://registry.yarnpkg.com/grpc-web-client/-/grpc-web-client-0.2.1.tgz#768b28d21ba6ece104267a36c6c73fdf320cf5d3"
  dependencies:
    browser-headers "^0.2.1"

ts-protoc-gen@0.3.1:
  version "0.3.1"
  resolved "https://registry.yarnpkg.com/ts-protoc-gen/-/ts-protoc-gen-0.3.1.tgz#d4105c7d89c56e4dc778b8ebe73907760399ae68"
  dependencies:
    google-protobuf "^3.2.0"
